
Microsoft Visual Studio Solution File, Format Version 12.00
# Visual Studio Version 17
VisualStudioVersion = 17.6.33829.357
MinimumVisualStudioVersion = 10.0.40219.1
Project("{FAE04EC0-301F-11D3-BF4B-00C04F79EFBC}") = "Dongvat", "Dongvat.csproj", "{AC9F71DD-3E35-437A-A909-5AF0BA998D96}"
EndProject
Project("{FAE04EC0-301F-11D3-BF4B-00C04F79EFBC}") = "Invalid-IndexOut-Array", "..\Invalid-IndexOut-Array\Invalid-IndexOut-Array.csproj", "{B25A6D23-9FA2-4BF7-8933-F46692059B6A}"
EndProject
Global
	GlobalSection(SolutionConfigurationPlatforms) = preSolution
		Debug|Any CPU = Debug|Any CPU
		Release|Any CPU = Release|Any CPU
	EndGlobalSection
	GlobalSection(ProjectConfigurationPlatforms) = postSolution
		{AC9F71DD-3E35-437A-A909-5AF0BA998D96}.Debug|Any CPU.ActiveCfg = Debug|Any CPU
		{AC9F71DD-3E35-437A-A909-5AF0BA998D96}.Debug|Any CPU.Build.0 = Debug|Any CPU
		{AC9F71DD-3E35-437A-A909-5AF0BA998D96}.Release|Any CPU.ActiveCfg = Release|Any CPU
		{AC9F71DD-3E35-437A-A909-5AF0BA998D96}.Release|Any CPU.Build.0 = Release|Any CPU
		{B25A6D23-9FA2-4BF7-8933-F46692059B6A}.Debug|Any CPU.ActiveCfg = Debug|Any CPU
		{B25A6D23-9FA2-4BF7-8933-F46692059B6A}.Debug|Any CPU.Build.0 = Debug|Any CPU
		{B25A6D23-9FA2-4BF7-8933-F46692059B6A}.Release|Any CPU.ActiveCfg = Release|Any CPU
		{B25A6D23-9FA2-4BF7-8933-F46692059B6A}.Release|Any CPU.Build.0 = Release|Any CPU
	EndGlobalSection
	GlobalSection(SolutionProperties) = preSolution
		HideSolutionNode = FALSE
	EndGlobalSection
	GlobalSection(ExtensibilityGlobals) = postSolution
		SolutionGuid = {F67A5460-2600-47AD-9576-2A7690E5BDAB}
	EndGlobalSection
EndGlobal
