
Microsoft Visual Studio Solution File, Format Version 12.00
# Visual Studio Version 17
VisualStudioVersion = 17.6.33829.357
MinimumVisualStudioVersion = 10.0.40219.1
Project("{FAE04EC0-301F-11D3-BF4B-00C04F79EFBC}") = "Lesson07", "Lesson07.csproj", "{B8D31377-77C3-4C52-B096-3A578C27F6EC}"
EndProject
Project("{FAE04EC0-301F-11D3-BF4B-00C04F79EFBC}") = "IIUDCV", "..\IIUDCV\IIUDCV.csproj", "{DD38117F-0433-4C09-844E-4DB0D7B7A737}"
EndProject
Global
	GlobalSection(SolutionConfigurationPlatforms) = preSolution
		Debug|Any CPU = Debug|Any CPU
		Release|Any CPU = Release|Any CPU
	EndGlobalSection
	GlobalSection(ProjectConfigurationPlatforms) = postSolution
		{B8D31377-77C3-4C52-B096-3A578C27F6EC}.Debug|Any CPU.ActiveCfg = Debug|Any CPU
		{B8D31377-77C3-4C52-B096-3A578C27F6EC}.Debug|Any CPU.Build.0 = Debug|Any CPU
		{B8D31377-77C3-4C52-B096-3A578C27F6EC}.Release|Any CPU.ActiveCfg = Release|Any CPU
		{B8D31377-77C3-4C52-B096-3A578C27F6EC}.Release|Any CPU.Build.0 = Release|Any CPU
		{DD38117F-0433-4C09-844E-4DB0D7B7A737}.Debug|Any CPU.ActiveCfg = Debug|Any CPU
		{DD38117F-0433-4C09-844E-4DB0D7B7A737}.Debug|Any CPU.Build.0 = Debug|Any CPU
		{DD38117F-0433-4C09-844E-4DB0D7B7A737}.Release|Any CPU.ActiveCfg = Release|Any CPU
		{DD38117F-0433-4C09-844E-4DB0D7B7A737}.Release|Any CPU.Build.0 = Release|Any CPU
	EndGlobalSection
	GlobalSection(SolutionProperties) = preSolution
		HideSolutionNode = FALSE
	EndGlobalSection
	GlobalSection(ExtensibilityGlobals) = postSolution
		SolutionGuid = {40203039-12EC-4265-812F-34FF2BC38B02}
	EndGlobalSection
EndGlobal
