
Microsoft Visual Studio Solution File, Format Version 12.00
# Visual Studio Version 17
VisualStudioVersion = 17.6.33829.357
MinimumVisualStudioVersion = 10.0.40219.1
Project("{FAE04EC0-301F-11D3-BF4B-00C04F79EFBC}") = "lesson06", "lesson06.csproj", "{4C5992B0-324E-4B12-98EF-6FFD319A0289}"
EndProject
Global
	GlobalSection(SolutionConfigurationPlatforms) = preSolution
		Debug|Any CPU = Debug|Any CPU
		Release|Any CPU = Release|Any CPU
	EndGlobalSection
	GlobalSection(ProjectConfigurationPlatforms) = postSolution
		{4C5992B0-324E-4B12-98EF-6FFD319A0289}.Debug|Any CPU.ActiveCfg = Debug|Any CPU
		{4C5992B0-324E-4B12-98EF-6FFD319A0289}.Debug|Any CPU.Build.0 = Debug|Any CPU
		{4C5992B0-324E-4B12-98EF-6FFD319A0289}.Release|Any CPU.ActiveCfg = Release|Any CPU
		{4C5992B0-324E-4B12-98EF-6FFD319A0289}.Release|Any CPU.Build.0 = Release|Any CPU
	EndGlobalSection
	GlobalSection(SolutionProperties) = preSolution
		HideSolutionNode = FALSE
	EndGlobalSection
	GlobalSection(ExtensibilityGlobals) = postSolution
		SolutionGuid = {150D854E-E95F-43D4-8528-FA5169353171}
	EndGlobalSection
EndGlobal
