
Microsoft Visual Studio Solution File, Format Version 12.00
# Visual Studio Version 17
VisualStudioVersion = 17.6.33829.357
MinimumVisualStudioVersion = 10.0.40219.1
Project("{9A19103F-16F7-4668-BE54-9A1E7A4F7556}") = "Lesson03", "Lesson03.csproj", "{3F26025C-3827-4351-9EB9-E85853171EAF}"
EndProject
Project("{9A19103F-16F7-4668-BE54-9A1E7A4F7556}") = "3.1", "..\3.1\3.1.csproj", "{42F9F406-1C17-4A13-946C-66F3F347ED91}"
EndProject
Global
	GlobalSection(SolutionConfigurationPlatforms) = preSolution
		Debug|Any CPU = Debug|Any CPU
		Release|Any CPU = Release|Any CPU
	EndGlobalSection
	GlobalSection(ProjectConfigurationPlatforms) = postSolution
		{3F26025C-3827-4351-9EB9-E85853171EAF}.Debug|Any CPU.ActiveCfg = Debug|Any CPU
		{3F26025C-3827-4351-9EB9-E85853171EAF}.Debug|Any CPU.Build.0 = Debug|Any CPU
		{3F26025C-3827-4351-9EB9-E85853171EAF}.Release|Any CPU.ActiveCfg = Release|Any CPU
		{3F26025C-3827-4351-9EB9-E85853171EAF}.Release|Any CPU.Build.0 = Release|Any CPU
		{42F9F406-1C17-4A13-946C-66F3F347ED91}.Debug|Any CPU.ActiveCfg = Debug|Any CPU
		{42F9F406-1C17-4A13-946C-66F3F347ED91}.Debug|Any CPU.Build.0 = Debug|Any CPU
		{42F9F406-1C17-4A13-946C-66F3F347ED91}.Release|Any CPU.ActiveCfg = Release|Any CPU
		{42F9F406-1C17-4A13-946C-66F3F347ED91}.Release|Any CPU.Build.0 = Release|Any CPU
	EndGlobalSection
	GlobalSection(SolutionProperties) = preSolution
		HideSolutionNode = FALSE
	EndGlobalSection
	GlobalSection(ExtensibilityGlobals) = postSolution
		SolutionGuid = {29D386D5-01D3-4AC6-B260-696206020DD9}
	EndGlobalSection
EndGlobal
