
Microsoft Visual Studio Solution File, Format Version 12.00
# Visual Studio Version 17
VisualStudioVersion = 17.6.33829.357
MinimumVisualStudioVersion = 10.0.40219.1
Project("{FAE04EC0-301F-11D3-BF4B-00C04F79EFBC}") = "Example", "Example.csproj", "{D1775360-6666-4901-83D5-B51385239BB5}"
EndProject
Global
	GlobalSection(SolutionConfigurationPlatforms) = preSolution
		Debug|Any CPU = Debug|Any CPU
		Release|Any CPU = Release|Any CPU
	EndGlobalSection
	GlobalSection(ProjectConfigurationPlatforms) = postSolution
		{D1775360-6666-4901-83D5-B51385239BB5}.Debug|Any CPU.ActiveCfg = Debug|Any CPU
		{D1775360-6666-4901-83D5-B51385239BB5}.Debug|Any CPU.Build.0 = Debug|Any CPU
		{D1775360-6666-4901-83D5-B51385239BB5}.Release|Any CPU.ActiveCfg = Release|Any CPU
		{D1775360-6666-4901-83D5-B51385239BB5}.Release|Any CPU.Build.0 = Release|Any CPU
	EndGlobalSection
	GlobalSection(SolutionProperties) = preSolution
		HideSolutionNode = FALSE
	EndGlobalSection
	GlobalSection(ExtensibilityGlobals) = postSolution
		SolutionGuid = {D5F3115E-0DAC-4835-A91A-2DBC7888FCC7}
	EndGlobalSection
EndGlobal
